
Microsoft Visual Studio Solution File, Format Version 12.00
# Visual Studio Version 17
VisualStudioVersion = 17.0.31903.59
MinimumVisualStudioVersion = 10.0.40219.1
Project("{FAE04EC0-301F-11D3-BF4B-00C04F79EFBC}") = "SyncraAssetServer", "SyncraAssetServer\SyncraAssetServer.csproj", "{57426FB0-66AC-4245-98B3-0FBC57E8EE3B}"
EndProject
Project("{FAE04EC0-301F-11D3-BF4B-00C04F79EFBC}") = "SyncraEngine", "SyncraEngine\SyncraEngine.csproj", "{DCCEEFFB-364A-499A-9633-E5E29A3525B1}"
EndProject
Project("{FAE04EC0-301F-11D3-BF4B-00C04F79EFBC}") = "SyncraOfficialPackages", "SyncraOfficialPackages\SyncraOfficialPackages.csproj", "{45846BCB-173A-416F-94ED-CEC33AF31441}"
EndProject
Global
	GlobalSection(SolutionConfigurationPlatforms) = preSolution
		Debug|Any CPU = Debug|Any CPU
		Release|Any CPU = Release|Any CPU
	EndGlobalSection
	GlobalSection(SolutionProperties) = preSolution
		HideSolutionNode = FALSE
	EndGlobalSection
	GlobalSection(ProjectConfigurationPlatforms) = postSolution
		{57426FB0-66AC-4245-98B3-0FBC57E8EE3B}.Debug|Any CPU.ActiveCfg = Debug|Any CPU
		{57426FB0-66AC-4245-98B3-0FBC57E8EE3B}.Debug|Any CPU.Build.0 = Debug|Any CPU
		{57426FB0-66AC-4245-98B3-0FBC57E8EE3B}.Release|Any CPU.ActiveCfg = Release|Any CPU
		{57426FB0-66AC-4245-98B3-0FBC57E8EE3B}.Release|Any CPU.Build.0 = Release|Any CPU
		{DCCEEFFB-364A-499A-9633-E5E29A3525B1}.Debug|Any CPU.ActiveCfg = Debug|Any CPU
		{DCCEEFFB-364A-499A-9633-E5E29A3525B1}.Debug|Any CPU.Build.0 = Debug|Any CPU
		{DCCEEFFB-364A-499A-9633-E5E29A3525B1}.Release|Any CPU.ActiveCfg = Release|Any CPU
		{DCCEEFFB-364A-499A-9633-E5E29A3525B1}.Release|Any CPU.Build.0 = Release|Any CPU
		{45846BCB-173A-416F-94ED-CEC33AF31441}.Debug|Any CPU.ActiveCfg = Debug|Any CPU
		{45846BCB-173A-416F-94ED-CEC33AF31441}.Debug|Any CPU.Build.0 = Debug|Any CPU
		{45846BCB-173A-416F-94ED-CEC33AF31441}.Release|Any CPU.ActiveCfg = Release|Any CPU
		{45846BCB-173A-416F-94ED-CEC33AF31441}.Release|Any CPU.Build.0 = Release|Any CPU
	EndGlobalSection
EndGlobal
